
Microsoft Visual Studio Solution File, Format Version 12.00
# Visual Studio Version 16
VisualStudioVersion = 16.0.29519.181
MinimumVisualStudioVersion = 10.0.40219.1
Project("{FAE04EC0-301F-11D3-BF4B-00C04F79EFBC}") = "MineCraftChatExtraction", "MineCraftChatExtraction\MineCraftChatExtraction.csproj", "{34310BBF-7B84-49A5-AA88-25B384D3B68D}"
EndProject
Global
	GlobalSection(SolutionConfigurationPlatforms) = preSolution
		Debug|Any CPU = Debug|Any CPU
		Release|Any CPU = Release|Any CPU
	EndGlobalSection
	GlobalSection(ProjectConfigurationPlatforms) = postSolution
		{34310BBF-7B84-49A5-AA88-25B384D3B68D}.Debug|Any CPU.ActiveCfg = Debug|Any CPU
		{34310BBF-7B84-49A5-AA88-25B384D3B68D}.Debug|Any CPU.Build.0 = Debug|Any CPU
		{34310BBF-7B84-49A5-AA88-25B384D3B68D}.Release|Any CPU.ActiveCfg = Release|Any CPU
		{34310BBF-7B84-49A5-AA88-25B384D3B68D}.Release|Any CPU.Build.0 = Release|Any CPU
	EndGlobalSection
	GlobalSection(SolutionProperties) = preSolution
		HideSolutionNode = FALSE
	EndGlobalSection
	GlobalSection(ExtensibilityGlobals) = postSolution
		SolutionGuid = {07AC5464-A48C-479D-ACE6-4A20ECFA92EB}
	EndGlobalSection
EndGlobal
